
Microsoft Visual Studio Solution File, Format Version 12.00
# Visual Studio Version 17
VisualStudioVersion = 17.14.36603.0
MinimumVisualStudioVersion = 10.0.40219.1
Project("{2150E333-8FDC-42A3-9474-1A3956D46DE8}") = "src", "src", "{02EA681E-C7D8-13C7-8484-4AC65E1B71E8}"
EndProject
Project("{2150E333-8FDC-42A3-9474-1A3956D46DE8}") = "01.Presentation", "01.Presentation", "{D6890EF9-ECA1-43E9-9D4B-662F9DF3874E}"
EndProject
Project("{2150E333-8FDC-42A3-9474-1A3956D46DE8}") = "02.Core", "02.Core", "{6DB5EACE-2FAC-4288-89BF-17CDA926BDF1}"
EndProject
Project("{2150E333-8FDC-42A3-9474-1A3956D46DE8}") = "03.Infrastructure", "03.Infrastructure", "{0A900336-1FBD-48AE-B5B1-398C3164E21A}"
EndProject
Project("{FAE04EC0-301F-11D3-BF4B-00C04F79EFBC}") = "Huachin.MusicStore.Domain", "src\Huachin.MusicStore.Domain\Huachin.MusicStore.Domain.csproj", "{75DB1480-CA0C-42EA-96EC-361D0E3FD5E5}"
EndProject
Project("{FAE04EC0-301F-11D3-BF4B-00C04F79EFBC}") = "Huachin.MusicStore.Application", "src\Huachin.MusicStore.Application\Huachin.MusicStore.Application.csproj", "{99D7BD0F-DF65-4269-A01E-E5EC5D5081C2}"
EndProject
Project("{FAE04EC0-301F-11D3-BF4B-00C04F79EFBC}") = "Huachin.MusicStore.Infrastructure", "src\Huachin.MusicStore.Infrastructure\Huachin.MusicStore.Infrastructure.csproj", "{F0B273D7-81BD-4714-A2C9-92C210437B12}"
EndProject
Project("{2150E333-8FDC-42A3-9474-1A3956D46DE8}") = "docs", "docs", "{1E12FC97-018C-494F-B740-4133CB693DDA}"
	ProjectSection(SolutionItems) = preProject
		docs\APPLICATION-README.md = docs\APPLICATION-README.md
		docs\DOMAIN-README.md = docs\DOMAIN-README.md
		docs\INFRASTRUCTURE-README.md = docs\INFRASTRUCTURE-README.md
		docs\PRESENTATION-README.md = docs\PRESENTATION-README.md
	EndProjectSection
EndProject
Project("{FAE04EC0-301F-11D3-BF4B-00C04F79EFBC}") = "Huachin.MusicStore.Api", "src\Huachin.MusicStore.Api\Huachin.MusicStore.Api.csproj", "{14D69984-6AEE-4092-A517-715045B87556}"
EndProject
Global
	GlobalSection(SolutionConfigurationPlatforms) = preSolution
		Debug|Any CPU = Debug|Any CPU
		Release|Any CPU = Release|Any CPU
	EndGlobalSection
	GlobalSection(ProjectConfigurationPlatforms) = postSolution
		{75DB1480-CA0C-42EA-96EC-361D0E3FD5E5}.Debug|Any CPU.ActiveCfg = Debug|Any CPU
		{75DB1480-CA0C-42EA-96EC-361D0E3FD5E5}.Debug|Any CPU.Build.0 = Debug|Any CPU
		{75DB1480-CA0C-42EA-96EC-361D0E3FD5E5}.Release|Any CPU.ActiveCfg = Release|Any CPU
		{75DB1480-CA0C-42EA-96EC-361D0E3FD5E5}.Release|Any CPU.Build.0 = Release|Any CPU
		{99D7BD0F-DF65-4269-A01E-E5EC5D5081C2}.Debug|Any CPU.ActiveCfg = Debug|Any CPU
		{99D7BD0F-DF65-4269-A01E-E5EC5D5081C2}.Debug|Any CPU.Build.0 = Debug|Any CPU
		{99D7BD0F-DF65-4269-A01E-E5EC5D5081C2}.Release|Any CPU.ActiveCfg = Release|Any CPU
		{99D7BD0F-DF65-4269-A01E-E5EC5D5081C2}.Release|Any CPU.Build.0 = Release|Any CPU
		{F0B273D7-81BD-4714-A2C9-92C210437B12}.Debug|Any CPU.ActiveCfg = Debug|Any CPU
		{F0B273D7-81BD-4714-A2C9-92C210437B12}.Debug|Any CPU.Build.0 = Debug|Any CPU
		{F0B273D7-81BD-4714-A2C9-92C210437B12}.Release|Any CPU.ActiveCfg = Release|Any CPU
		{F0B273D7-81BD-4714-A2C9-92C210437B12}.Release|Any CPU.Build.0 = Release|Any CPU
		{14D69984-6AEE-4092-A517-715045B87556}.Debug|Any CPU.ActiveCfg = Debug|Any CPU
		{14D69984-6AEE-4092-A517-715045B87556}.Debug|Any CPU.Build.0 = Debug|Any CPU
		{14D69984-6AEE-4092-A517-715045B87556}.Release|Any CPU.ActiveCfg = Release|Any CPU
		{14D69984-6AEE-4092-A517-715045B87556}.Release|Any CPU.Build.0 = Release|Any CPU
	EndGlobalSection
	GlobalSection(SolutionProperties) = preSolution
		HideSolutionNode = FALSE
	EndGlobalSection
	GlobalSection(NestedProjects) = preSolution
		{D6890EF9-ECA1-43E9-9D4B-662F9DF3874E} = {02EA681E-C7D8-13C7-8484-4AC65E1B71E8}
		{6DB5EACE-2FAC-4288-89BF-17CDA926BDF1} = {02EA681E-C7D8-13C7-8484-4AC65E1B71E8}
		{0A900336-1FBD-48AE-B5B1-398C3164E21A} = {02EA681E-C7D8-13C7-8484-4AC65E1B71E8}
		{75DB1480-CA0C-42EA-96EC-361D0E3FD5E5} = {6DB5EACE-2FAC-4288-89BF-17CDA926BDF1}
		{99D7BD0F-DF65-4269-A01E-E5EC5D5081C2} = {6DB5EACE-2FAC-4288-89BF-17CDA926BDF1}
		{F0B273D7-81BD-4714-A2C9-92C210437B12} = {0A900336-1FBD-48AE-B5B1-398C3164E21A}
		{14D69984-6AEE-4092-A517-715045B87556} = {D6890EF9-ECA1-43E9-9D4B-662F9DF3874E}
	EndGlobalSection
	GlobalSection(ExtensibilityGlobals) = postSolution
		SolutionGuid = {DE74BD3C-1794-4CB5-95E6-DD73444E627A}
	EndGlobalSection
EndGlobal
